
Microsoft Visual Studio Solution File, Format Version 12.00
# Visual Studio 2012
Project("{FAE04EC0-301F-11D3-BF4B-00C04F79EFBC}") = "StudyAbroad.Presentation", "StudyAbroad.Presentation\StudyAbroad.Presentation.csproj", "{2DD3ABC4-BD82-49D2-98D9-4A18F6806C19}"
EndProject
Project("{FAE04EC0-301F-11D3-BF4B-00C04F79EFBC}") = "StudyAbroad.DomainModel", "StudyAbroad.DomainModel\StudyAbroad.DomainModel.csproj", "{1A234D3F-EC5C-4F27-80C7-B6FB41371B50}"
EndProject
Project("{FAE04EC0-301F-11D3-BF4B-00C04F79EFBC}") = "StudyAbroad.DynamicLoading", "StudyAbroad.DynamicLoading\StudyAbroad.DynamicLoading.csproj", "{FF28200C-5966-4416-9162-8A1ADF864F7D}"
EndProject
Project("{FAE04EC0-301F-11D3-BF4B-00C04F79EFBC}") = "StudyAbroad.DataAccess", "StudyAbroad.DataAccess\StudyAbroad.DataAccess.csproj", "{941014B3-A58F-4479-B845-066DD0C0200B}"
EndProject
Project("{FAE04EC0-301F-11D3-BF4B-00C04F79EFBC}") = "StudyAbroad.BusinessLogic", "StudyAbroad.BusinessLogic\StudyAbroad.BusinessLogic.csproj", "{817A477E-98E8-4A88-A826-6D98D4488FD0}"
EndProject
Project("{FAE04EC0-301F-11D3-BF4B-00C04F79EFBC}") = "StudyAbroad.Console", "StudyAbroad.Console\StudyAbroad.Console.csproj", "{DC8962B1-215D-4C33-BAD9-2DA2ECCE38B2}"
EndProject
Project("{FAE04EC0-301F-11D3-BF4B-00C04F79EFBC}") = "StudyAbroad.Test", "StudyAbroad.Test\StudyAbroad.Test.csproj", "{46C56A8D-AD45-4B6E-9D2E-7D2AE4FA59C1}"
EndProject
Global
	GlobalSection(SolutionConfigurationPlatforms) = preSolution
		Debug|Any CPU = Debug|Any CPU
		Release|Any CPU = Release|Any CPU
	EndGlobalSection
	GlobalSection(ProjectConfigurationPlatforms) = postSolution
		{2DD3ABC4-BD82-49D2-98D9-4A18F6806C19}.Debug|Any CPU.ActiveCfg = Debug|Any CPU
		{2DD3ABC4-BD82-49D2-98D9-4A18F6806C19}.Debug|Any CPU.Build.0 = Debug|Any CPU
		{2DD3ABC4-BD82-49D2-98D9-4A18F6806C19}.Release|Any CPU.ActiveCfg = Release|Any CPU
		{2DD3ABC4-BD82-49D2-98D9-4A18F6806C19}.Release|Any CPU.Build.0 = Release|Any CPU
		{1A234D3F-EC5C-4F27-80C7-B6FB41371B50}.Debug|Any CPU.ActiveCfg = Debug|Any CPU
		{1A234D3F-EC5C-4F27-80C7-B6FB41371B50}.Debug|Any CPU.Build.0 = Debug|Any CPU
		{1A234D3F-EC5C-4F27-80C7-B6FB41371B50}.Release|Any CPU.ActiveCfg = Release|Any CPU
		{1A234D3F-EC5C-4F27-80C7-B6FB41371B50}.Release|Any CPU.Build.0 = Release|Any CPU
		{FF28200C-5966-4416-9162-8A1ADF864F7D}.Debug|Any CPU.ActiveCfg = Debug|Any CPU
		{FF28200C-5966-4416-9162-8A1ADF864F7D}.Debug|Any CPU.Build.0 = Debug|Any CPU
		{FF28200C-5966-4416-9162-8A1ADF864F7D}.Release|Any CPU.ActiveCfg = Release|Any CPU
		{FF28200C-5966-4416-9162-8A1ADF864F7D}.Release|Any CPU.Build.0 = Release|Any CPU
		{941014B3-A58F-4479-B845-066DD0C0200B}.Debug|Any CPU.ActiveCfg = Debug|Any CPU
		{941014B3-A58F-4479-B845-066DD0C0200B}.Debug|Any CPU.Build.0 = Debug|Any CPU
		{941014B3-A58F-4479-B845-066DD0C0200B}.Release|Any CPU.ActiveCfg = Release|Any CPU
		{941014B3-A58F-4479-B845-066DD0C0200B}.Release|Any CPU.Build.0 = Release|Any CPU
		{817A477E-98E8-4A88-A826-6D98D4488FD0}.Debug|Any CPU.ActiveCfg = Debug|Any CPU
		{817A477E-98E8-4A88-A826-6D98D4488FD0}.Debug|Any CPU.Build.0 = Debug|Any CPU
		{817A477E-98E8-4A88-A826-6D98D4488FD0}.Release|Any CPU.ActiveCfg = Release|Any CPU
		{817A477E-98E8-4A88-A826-6D98D4488FD0}.Release|Any CPU.Build.0 = Release|Any CPU
		{DC8962B1-215D-4C33-BAD9-2DA2ECCE38B2}.Debug|Any CPU.ActiveCfg = Debug|Any CPU
		{DC8962B1-215D-4C33-BAD9-2DA2ECCE38B2}.Debug|Any CPU.Build.0 = Debug|Any CPU
		{DC8962B1-215D-4C33-BAD9-2DA2ECCE38B2}.Release|Any CPU.ActiveCfg = Release|Any CPU
		{DC8962B1-215D-4C33-BAD9-2DA2ECCE38B2}.Release|Any CPU.Build.0 = Release|Any CPU
		{46C56A8D-AD45-4B6E-9D2E-7D2AE4FA59C1}.Debug|Any CPU.ActiveCfg = Debug|Any CPU
		{46C56A8D-AD45-4B6E-9D2E-7D2AE4FA59C1}.Debug|Any CPU.Build.0 = Debug|Any CPU
		{46C56A8D-AD45-4B6E-9D2E-7D2AE4FA59C1}.Release|Any CPU.ActiveCfg = Release|Any CPU
		{46C56A8D-AD45-4B6E-9D2E-7D2AE4FA59C1}.Release|Any CPU.Build.0 = Release|Any CPU
	EndGlobalSection
	GlobalSection(SolutionProperties) = preSolution
		HideSolutionNode = FALSE
	EndGlobalSection
EndGlobal
